// !$*UTF8*$!
{
	archiveVersion = 1;
	classes = {
	};
	objectVersion = 50;
	objects = {

/* Begin PBXBuildFile section */
		179994DA23F8731F00902A69 /* AppDelegate.swift in Sources */ = {isa = PBXBuildFile; fileRef = 179994D923F8731F00902A69 /* AppDelegate.swift */; };
		179994DC23F8731F00902A69 /* SceneDelegate.swift in Sources */ = {isa = PBXBuildFile; fileRef = 179994DB23F8731F00902A69 /* SceneDelegate.swift */; };
		179994DF23F8731F00902A69 /* Bloom.xcdatamodeld in Sources */ = {isa = PBXBuildFile; fileRef = 179994DD23F8731F00902A69 /* Bloom.xcdatamodeld */; };
		179994E123F8731F00902A69 /* ContentView.swift in Sources */ = {isa = PBXBuildFile; fileRef = 179994E023F8731F00902A69 /* ContentView.swift */; };
		179994E323F8733400902A69 /* Assets.xcassets in Resources */ = {isa = PBXBuildFile; fileRef = 179994E223F8733400902A69 /* Assets.xcassets */; };
		179994E623F8733400902A69 /* Preview Assets.xcassets in Resources */ = {isa = PBXBuildFile; fileRef = 179994E523F8733400902A69 /* Preview Assets.xcassets */; };
		179994E923F8733400902A69 /* LaunchScreen.storyboard in Resources */ = {isa = PBXBuildFile; fileRef = 179994E723F8733400902A69 /* LaunchScreen.storyboard */; };
/* End PBXBuildFile section */

/* Begin PBXFileReference section */
		179994D623F8731F00902A69 /* Bloom.app */ = {isa = PBXFileReference; explicitFileType = wrapper.application; includeInIndex = 0; path = Bloom.app; sourceTree = BUILT_PRODUCTS_DIR; };
		179994D923F8731F00902A69 /* AppDelegate.swift */ = {isa = PBXFileReference; lastKnownFileType = sourcecode.swift; path = AppDelegate.swift; sourceTree = "<group>"; };
		179994DB23F8731F00902A69 /* SceneDelegate.swift */ = {isa = PBXFileReference; lastKnownFileType = sourcecode.swift; path = SceneDelegate.swift; sourceTree = "<group>"; };
		179994DE23F8731F00902A69 /* Bloom.xcdatamodel */ = {isa = PBXFileReference; lastKnownFileType = wrapper.xcdatamodel; path = Bloom.xcdatamodel; sourceTree = "<group>"; };
		179994E023F8731F00902A69 /* ContentView.swift */ = {isa = PBXFileReference; lastKnownFileType = sourcecode.swift; path = ContentView.swift; sourceTree = "<group>"; };
		179994E223F8733400902A69 /* Assets.xcassets */ = {isa = PBXFileReference; lastKnownFileType = folder.assetcatalog; path = Assets.xcassets; sourceTree = "<group>"; };
		179994E523F8733400902A69 /* Preview Assets.xcassets */ = {isa = PBXFileReference; lastKnownFileType = folder.assetcatalog; path = "Preview Assets.xcassets"; sourceTree = "<group>"; };
		179994E823F8733400902A69 /* Base */ = {isa = PBXFileReference; lastKnownFileType = file.storyboard; name = Base; path = Base.lproj/LaunchScreen.storyboard; sourceTree = "<group>"; };
		179994EA23F8733400902A69 /* Info.plist */ = {isa = PBXFileReference; lastKnownFileType = text.plist.xml; path = Info.plist; sourceTree = "<group>"; };
/* End PBXFileReference section */

/* Begin PBXFrameworksBuildPhase section */
		179994D323F8731F00902A69 /* Frameworks */ = {
			isa = PBXFrameworksBuildPhase;
			buildActionMask = 2147483647;
			files = (
			);
			runOnlyForDeploymentPostprocessing = 0;
		};
/* End PBXFrameworksBuildPhase section */

/* Begin PBXGroup section */
		179994CD23F8731E00902A69 = {
			isa = PBXGroup;
			children = (
				179994D823F8731F00902A69 /* Bloom */,
				179994D723F8731F00902A69 /* Products */,
			);
			sourceTree = "<group>";
		};
		179994D723F8731F00902A69 /* Products */ = {
			isa = PBXGroup;
			children = (
				179994D623F8731F00902A69 /* Bloom.app */,
			);
			name = Products;
			sourceTree = "<group>";
		};
		179994D823F8731F00902A69 /* Bloom */ = {
			isa = PBXGroup;
			children = (
				179994D923F8731F00902A69 /* AppDelegate.swift */,
				179994DB23F8731F00902A69 /* SceneDelegate.swift */,
				179994E023F8731F00902A69 /* ContentView.swift */,
				179994E223F8733400902A69 /* Assets.xcassets */,
				179994E723F8733400902A69 /* LaunchScreen.storyboard */,
				179994EA23F8733400902A69 /* Info.plist */,
				179994DD23F8731F00902A69 /* Bloom.xcdatamodeld */,
				179994E423F8733400902A69 /* Preview Content */,
			);
			path = Bloom;
			sourceTree = "<group>";
		};
		179994E423F8733400902A69 /* Preview Content */ = {
			isa = PBXGroup;
			children = (
				179994E523F8733400902A69 /* Preview Assets.xcassets */,
			);
			path = "Preview Content";
			sourceTree = "<group>";
		};
/* End PBXGroup section */

/* Begin PBXNativeTarget section */
		179994D523F8731F00902A69 /* Bloom */ = {
			isa = PBXNativeTarget;
			buildConfigurationList = 179994ED23F8733400902A69 /* Build configuration list for PBXNativeTarget "Bloom" */;
			buildPhases = (
				179994D223F8731F00902A69 /* Sources */,
				179994D323F8731F00902A69 /* Frameworks */,
				179994D423F8731F00902A69 /* Resources */,
			);
			buildRules = (
			);
			dependencies = (
			);
			name = Bloom;
			productName = Bloom;
			productReference = 179994D623F8731F00902A69 /* Bloom.app */;
			productType = "com.apple.product-type.application";
		};
/* End PBXNativeTarget section */

/* Begin PBXProject section */
		179994CE23F8731E00902A69 /* Project object */ = {
			isa = PBXProject;
			attributes = {
				LastSwiftUpdateCheck = 1130;
				LastUpgradeCheck = 1130;
				ORGANIZATIONNAME = zxyz;
				TargetAttributes = {
					179994D523F8731F00902A69 = {
						CreatedOnToolsVersion = 11.3.1;
					};
				};
			};
			buildConfigurationList = 179994D123F8731E00902A69 /* Build configuration list for PBXProject "Bloom" */;
			compatibilityVersion = "Xcode 9.3";
			developmentRegion = en;
			hasScannedForEncodings = 0;
			knownRegions = (
				en,
				Base,
			);
			mainGroup = 179994CD23F8731E00902A69;
			productRefGroup = 179994D723F8731F00902A69 /* Products */;
			projectDirPath = "";
			projectRoot = "";
			targets = (
				179994D523F8731F00902A69 /* Bloom */,
			);
		};
/* End PBXProject section */

/* Begin PBXResourcesBuildPhase section */
		179994D423F8731F00902A69 /* Resources */ = {
			isa = PBXResourcesBuildPhase;
			buildActionMask = 2147483647;
			files = (
				179994E923F8733400902A69 /* LaunchScreen.storyboard in Resources */,
				179994E623F8733400902A69 /* Preview Assets.xcassets in Resources */,
				179994E323F8733400902A69 /* Assets.xcassets in Resources */,
			);
			runOnlyForDeploymentPostprocessing = 0;
		};
/* End PBXResourcesBuildPhase section */

/* Begin PBXSourcesBuildPhase section */
		179994D223F8731F00902A69 /* Sources */ = {
			isa = PBXSourcesBuildPhase;
			buildActionMask = 2147483647;
			files = (
				179994DA23F8731F00902A69 /* AppDelegate.swift in Sources */,
				179994DF23F8731F00902A69 /* Bloom.xcdatamodeld in Sources */,
				179994E123F8731F00902A69 /* ContentView.swift in Sources */,
				179994DC23F8731F00902A69 /* SceneDelegate.swift in Sources */,
			);
			runOnlyForDeploymentPostprocessing = 0;
		};
/* End PBXSourcesBuildPhase section */

/* Begin PBXVariantGroup section */
		179994E723F8733400902A69 /* LaunchScreen.storyboard */ = {
			isa = PBXVariantGroup;
			children = (
				179994E823F8733400902A69 /* Base */,
			);
			name = LaunchScreen.storyboard;
			sourceTree = "<group>";
		};
/* End PBXVariantGroup section */

/* Begin XCBuildConfiguration section */
		179994EB23F8733400902A69 /* Debug */ = {
			isa = XCBuildConfiguration;
			buildSettings = {
				ALWAYS_SEARCH_USER_PATHS = NO;
				CLANG_ANALYZER_NONNULL = YES;
				CLANG_ANALYZER_NUMBER_OBJECT_CONVERSION = YES_AGGRESSIVE;
				CLANG_CXX_LANGUAGE_STANDARD = "gnu++14";
				CLANG_CXX_LIBRARY = "libc++";
				CLANG_ENABLE_MODULES = YES;
				CLANG_ENABLE_OBJC_ARC = YES;
				CLANG_ENABLE_OBJC_WEAK = YES;
				CLANG_WARN_BLOCK_CAPTURE_AUTORELEASING = YES;
				CLANG_WARN_BOOL_CONVERSION = YES;
				CLANG_WARN_COMMA = YES;
				CLANG_WARN_CONSTANT_CONVERSION = YES;
				CLANG_WARN_DEPRECATED_OBJC_IMPLEMENTATIONS = YES;
				CLANG_WARN_DIRECT_OBJC_ISA_USAGE = YES_ERROR;
				CLANG_WARN_DOCUMENTATION_COMMENTS = YES;
				CLANG_WARN_EMPTY_BODY = YES;
				CLANG_WARN_ENUM_CONVERSION = YES;
				CLANG_WARN_INFINITE_RECURSION = YES;
				CLANG_WARN_INT_CONVERSION = YES;
				CLANG_WARN_NON_LITERAL_NULL_CONVERSION = YES;
				CLANG_WARN_OBJC_IMPLICIT_RETAIN_SELF = YES;
				CLANG_WARN_OBJC_LITERAL_CONVERSION = YES;
				CLANG_WARN_OBJC_ROOT_CLASS = YES_ERROR;
				CLANG_WARN_RANGE_LOOP_ANALYSIS = YES;
				CLANG_WARN_STRICT_PROTOTYPES = YES;
				CLANG_WARN_SUSPICIOUS_MOVE = YES;
				CLANG_WARN_UNGUARDED_AVAILABILITY = YES_AGGRESSIVE;
				CLANG_WARN_UNREACHABLE_CODE = YES;
				CLANG_WARN__DUPLICATE_METHOD_MATCH = YES;
				COPY_PHASE_STRIP = NO;
				DEBUG_INFORMATION_FORMAT = dwarf;
				ENABLE_STRICT_OBJC_MSGSEND = YES;
				ENABLE_TESTABILITY = YES;
				GCC_C_LANGUAGE_STANDARD = gnu11;
				GCC_DYNAMIC_NO_PIC = NO;
				GCC_NO_COMMON_BLOCKS = YES;
				GCC_OPTIMIZATION_LEVEL = 0;
				GCC_PREPROCESSOR_DEFINITIONS = (
					"DEBUG=1",
					"$(inherited)",
				);
				GCC_WARN_64_TO_32_BIT_CONVERSION = YES;
				GCC_WARN_ABOUT_RETURN_TYPE = YES_ERROR;
				GCC_WARN_UNDECLARED_SELECTOR = YES;
				GCC_WARN_UNINITIALIZED_AUTOS = YES_AGGRESSIVE;
				GCC_WARN_UNUSED_FUNCTION = YES;
				GCC_WARN_UNUSED_VARIABLE = YES;
				IPHONEOS_DEPLOYMENT_TARGET = 13.2;
				MTL_ENABLE_DEBUG_INFO = INCLUDE_SOURCE;
				MTL_FAST_MATH = YES;
				ONLY_ACTIVE_ARCH = YES;
				SDKROOT = iphoneos;
				SWIFT_ACTIVE_COMPILATION_CONDITIONS = DEBUG;
				SWIFT_OPTIMIZATION_LEVEL = "-Onone";
			};
			name = Debug;
		};
		179994EC23F8733400902A69 /* Release */ = {
			isa = XCBuildConfiguration;
			buildSettings = {
				ALWAYS_SEARCH_USER_PATHS = NO;
				CLANG_ANALYZER_NONNULL = YES;
				CLANG_ANALYZER_NUMBER_OBJECT_CONVERSION = YES_AGGRESSIVE;
				CLANG_CXX_LANGUAGE_STANDARD = "gnu++14";
				CLANG_CXX_LIBRARY = "libc++";
				CLANG_ENABLE_MODULES = YES;
				CLANG_ENABLE_OBJC_ARC = YES;
				CLANG_ENABLE_OBJC_WEAK = YES;
				CLANG_WARN_BLOCK_CAPTURE_AUTORELEASING = YES;
				CLANG_WARN_BOOL_CONVERSION = YES;
				CLANG_WARN_COMMA = YES;
				CLANG_WARN_CONSTANT_CONVERSION = YES;
				CLANG_WARN_DEPRECATED_OBJC_IMPLEMENTATIONS = YES;
				CLANG_WARN_DIRECT_OBJC_ISA_USAGE = YES_ERROR;
				CLANG_WARN_DOCUMENTATION_COMMENTS = YES;
				CLANG_WARN_EMPTY_BODY = YES;
				CLANG_WARN_ENUM_CONVERSION = YES;
				CLANG_WARN_INFINITE_RECURSION = YES;
				CLANG_WARN_INT_CONVERSION = YES;
				CLANG_WARN_NON_LITERAL_NULL_CONVERSION = YES;
				CLANG_WARN_OBJC_IMPLICIT_RETAIN_SELF = YES;
				CLANG_WARN_OBJC_LITERAL_CONVERSION = YES;
				CLANG_WARN_OBJC_ROOT_CLASS = YES_ERROR;
				CLANG_WARN_RANGE_LOOP_ANALYSIS = YES;
				CLANG_WARN_STRICT_PROTOTYPES = YES;
				CLANG_WARN_SUSPICIOUS_MOVE = YES;
				CLANG_WARN_UNGUARDED_AVAILABILITY = YES_AGGRESSIVE;
				CLANG_WARN_UNREACHABLE_CODE = YES;
				CLANG_WARN__DUPLICATE_METHOD_MATCH = YES;
				COPY_PHASE_STRIP = NO;
				DEBUG_INFORMATION_FORMAT = "dwarf-with-dsym";
				ENABLE_NS_ASSERTIONS = NO;
				ENABLE_STRICT_OBJC_MSGSEND = YES;
				GCC_C_LANGUAGE_STANDARD = gnu11;
				GCC_NO_COMMON_BLOCKS = YES;
				GCC_WARN_64_TO_32_BIT_CONVERSION = YES;
				GCC_WARN_ABOUT_RETURN_TYPE = YES_ERROR;
				GCC_WARN_UNDECLARED_SELECTOR = YES;
				GCC_WARN_UNINITIALIZED_AUTOS = YES_AGGRESSIVE;
				GCC_WARN_UNUSED_FUNCTION = YES;
				GCC_WARN_UNUSED_VARIABLE = YES;
				IPHONEOS_DEPLOYMENT_TARGET = 13.2;
				MTL_ENABLE_DEBUG_INFO = NO;
				MTL_FAST_MATH = YES;
				SDKROOT = iphoneos;
				SWIFT_COMPILATION_MODE = wholemodule;
				SWIFT_OPTIMIZATION_LEVEL = "-O";
				VALIDATE_PRODUCT = YES;
			};
			name = Release;
		};
		179994EE23F8733400902A69 /* Debug */ = {
			isa = XCBuildConfiguration;
			buildSettings = {
				ASSETCATALOG_COMPILER_APPICON_NAME = AppIcon;
				CODE_SIGN_STYLE = Automatic;
				DEVELOPMENT_ASSET_PATHS = "\"Bloom/Preview Content\"";
				DEVELOPMENT_TEAM = ZHN3QT39Z6;
				ENABLE_PREVIEWS = YES;
				INFOPLIST_FILE = Bloom/Info.plist;
				LD_RUNPATH_SEARCH_PATHS = (
					"$(inherited)",
					"@executable_path/Frameworks",
				);
				PRODUCT_BUNDLE_IDENTIFIER = com.zxyz.Bloom;
				PRODUCT_NAME = "$(TARGET_NAME)";
				SWIFT_VERSION = 5.0;
				TARGETED_DEVICE_FAMILY = "1,2";
			};
			name = Debug;
		};
		179994EF23F8733400902A69 /* Release */ = {
			isa = XCBuildConfiguration;
			buildSettings = {
				ASSETCATALOG_COMPILER_APPICON_NAME = AppIcon;
				CODE_SIGN_STYLE = Automatic;
				DEVELOPMENT_ASSET_PATHS = "\"Bloom/Preview Content\"";
				DEVELOPMENT_TEAM = ZHN3QT39Z6;
				ENABLE_PREVIEWS = YES;
				INFOPLIST_FILE = Bloom/Info.plist;
				LD_RUNPATH_SEARCH_PATHS = (
					"$(inherited)",
					"@executable_path/Frameworks",
				);
				PRODUCT_BUNDLE_IDENTIFIER = com.zxyz.Bloom;
				PRODUCT_NAME = "$(TARGET_NAME)";
				SWIFT_VERSION = 5.0;
				TARGETED_DEVICE_FAMILY = "1,2";
			};
			name = Release;
		};
/* End XCBuildConfiguration section */

/* Begin XCConfigurationList section */
		179994D123F8731E00902A69 /* Build configuration list for PBXProject "Bloom" */ = {
			isa = XCConfigurationList;
			buildConfigurations = (
				179994EB23F8733400902A69 /* Debug */,
				179994EC23F8733400902A69 /* Release */,
			);
			defaultConfigurationIsVisible = 0;
			defaultConfigurationName = Release;
		};
		179994ED23F8733400902A69 /* Build configuration list for PBXNativeTarget "Bloom" */ = {
			isa = XCConfigurationList;
			buildConfigurations = (
				179994EE23F8733400902A69 /* Debug */,
				179994EF23F8733400902A69 /* Release */,
			);
			defaultConfigurationIsVisible = 0;
			defaultConfigurationName = Release;
		};
/* End XCConfigurationList section */

/* Begin XCVersionGroup section */
		179994DD23F8731F00902A69 /* Bloom.xcdatamodeld */ = {
			isa = XCVersionGroup;
			children = (
				179994DE23F8731F00902A69 /* Bloom.xcdatamodel */,
			);
			currentVersion = 179994DE23F8731F00902A69 /* Bloom.xcdatamodel */;
			path = Bloom.xcdatamodeld;
			sourceTree = "<group>";
			versionGroupType = wrapper.xcdatamodel;
		};
/* End XCVersionGroup section */
	};
	rootObject = 179994CE23F8731E00902A69 /* Project object */;
}
